
Microsoft Visual Studio Solution File, Format Version 12.00
# Visual Studio Version 17
VisualStudioVersion = 17.8.34316.72
MinimumVisualStudioVersion = 10.0.40219.1
Project("{FAE04EC0-301F-11D3-BF4B-00C04F79EFBC}") = "animalSound", "animalSound\animalSound.csproj", "{8EFCF148-7B9A-4B5E-9809-BA0F8C906807}"
EndProject
Global
	GlobalSection(SolutionConfigurationPlatforms) = preSolution
		Debug|Any CPU = Debug|Any CPU
		Release|Any CPU = Release|Any CPU
	EndGlobalSection
	GlobalSection(ProjectConfigurationPlatforms) = postSolution
		{8EFCF148-7B9A-4B5E-9809-BA0F8C906807}.Debug|Any CPU.ActiveCfg = Debug|Any CPU
		{8EFCF148-7B9A-4B5E-9809-BA0F8C906807}.Debug|Any CPU.Build.0 = Debug|Any CPU
		{8EFCF148-7B9A-4B5E-9809-BA0F8C906807}.Release|Any CPU.ActiveCfg = Release|Any CPU
		{8EFCF148-7B9A-4B5E-9809-BA0F8C906807}.Release|Any CPU.Build.0 = Release|Any CPU
	EndGlobalSection
	GlobalSection(SolutionProperties) = preSolution
		HideSolutionNode = FALSE
	EndGlobalSection
	GlobalSection(ExtensibilityGlobals) = postSolution
		SolutionGuid = {4A12BD75-359A-492F-83B6-E38740D842A5}
	EndGlobalSection
EndGlobal
